
Microsoft Visual Studio Solution File, Format Version 12.00
# Visual Studio 15
VisualStudioVersion = 15.0.28307.1209
MinimumVisualStudioVersion = 10.0.40219.1
Project("{FAE04EC0-301F-11D3-BF4B-00C04F79EFBC}") = "Yaabm.generic", "Yaabm.generic\Yaabm.generic.csproj", "{B30F9D63-C0B0-4DD5-BC92-C61DD0009EC0}"
EndProject
Project("{FAE04EC0-301F-11D3-BF4B-00C04F79EFBC}") = "Yaabm.Graph", "Yaabm.Graph\Yaabm.Graph.csproj", "{90C7D77D-2205-41E9-B00A-F62A044392C8}"
EndProject
Project("{FAE04EC0-301F-11D3-BF4B-00C04F79EFBC}") = "Covid19ModelLibrary", "Covid19ModelLibrary\Covid19ModelLibrary.csproj", "{F5F99A4B-E74E-4592-AF62-FDC92AAB9BF3}"
EndProject
Project("{FAE04EC0-301F-11D3-BF4B-00C04F79EFBC}") = "GraphGen", "GraphGen\GraphGen.csproj", "{3F732379-7B8E-48B1-A11A-667EB0BD048A}"
EndProject
Project("{FAE04EC0-301F-11D3-BF4B-00C04F79EFBC}") = "RunCovidSimulation", "RunCovidSimulation\RunCovidSimulation.csproj", "{027C17A1-80A2-4663-8969-394B8CCE3ED8}"
EndProject
Project("{2150E333-8FDC-42A3-9474-1A3956D46DE8}") = "Solution Items", "Solution Items", "{A5DB4BCD-BE38-4207-A390-71C78AF4DC67}"
	ProjectSection(SolutionItems) = preProject
		README.md = README.md
	EndProjectSection
EndProject
Project("{FAE04EC0-301F-11D3-BF4B-00C04F79EFBC}") = "TestSirModel", "TestSirModel\TestSirModel.csproj", "{250DEA65-7CE9-4096-B813-1D92B25F3F0B}"
EndProject
Project("{FAE04EC0-301F-11D3-BF4B-00C04F79EFBC}") = "UnitTests.Yaabm.generic", "UnitTests.Yaabm.generic\UnitTests.Yaabm.generic.csproj", "{43D6D12B-CA9D-46D9-AE7A-07339A74A6CC}"
EndProject
Project("{FAE04EC0-301F-11D3-BF4B-00C04F79EFBC}") = "UnitTests.Yaabm.Graph", "UnitTests.Yaabm.Graph\UnitTests.Yaabm.Graph.csproj", "{E83D4EB3-AF74-4355-A9F8-B0C824961ED0}"
EndProject
Global
	GlobalSection(SolutionConfigurationPlatforms) = preSolution
		Debug|Any CPU = Debug|Any CPU
		Release|Any CPU = Release|Any CPU
	EndGlobalSection
	GlobalSection(ProjectConfigurationPlatforms) = postSolution
		{B30F9D63-C0B0-4DD5-BC92-C61DD0009EC0}.Debug|Any CPU.ActiveCfg = Debug|Any CPU
		{B30F9D63-C0B0-4DD5-BC92-C61DD0009EC0}.Debug|Any CPU.Build.0 = Debug|Any CPU
		{B30F9D63-C0B0-4DD5-BC92-C61DD0009EC0}.Release|Any CPU.ActiveCfg = Release|Any CPU
		{B30F9D63-C0B0-4DD5-BC92-C61DD0009EC0}.Release|Any CPU.Build.0 = Release|Any CPU
		{90C7D77D-2205-41E9-B00A-F62A044392C8}.Debug|Any CPU.ActiveCfg = Debug|Any CPU
		{90C7D77D-2205-41E9-B00A-F62A044392C8}.Debug|Any CPU.Build.0 = Debug|Any CPU
		{90C7D77D-2205-41E9-B00A-F62A044392C8}.Release|Any CPU.ActiveCfg = Release|Any CPU
		{90C7D77D-2205-41E9-B00A-F62A044392C8}.Release|Any CPU.Build.0 = Release|Any CPU
		{F5F99A4B-E74E-4592-AF62-FDC92AAB9BF3}.Debug|Any CPU.ActiveCfg = Debug|Any CPU
		{F5F99A4B-E74E-4592-AF62-FDC92AAB9BF3}.Debug|Any CPU.Build.0 = Debug|Any CPU
		{F5F99A4B-E74E-4592-AF62-FDC92AAB9BF3}.Release|Any CPU.ActiveCfg = Release|Any CPU
		{F5F99A4B-E74E-4592-AF62-FDC92AAB9BF3}.Release|Any CPU.Build.0 = Release|Any CPU
		{3F732379-7B8E-48B1-A11A-667EB0BD048A}.Debug|Any CPU.ActiveCfg = Debug|Any CPU
		{3F732379-7B8E-48B1-A11A-667EB0BD048A}.Debug|Any CPU.Build.0 = Debug|Any CPU
		{3F732379-7B8E-48B1-A11A-667EB0BD048A}.Release|Any CPU.ActiveCfg = Release|Any CPU
		{3F732379-7B8E-48B1-A11A-667EB0BD048A}.Release|Any CPU.Build.0 = Release|Any CPU
		{027C17A1-80A2-4663-8969-394B8CCE3ED8}.Debug|Any CPU.ActiveCfg = Debug|Any CPU
		{027C17A1-80A2-4663-8969-394B8CCE3ED8}.Debug|Any CPU.Build.0 = Debug|Any CPU
		{027C17A1-80A2-4663-8969-394B8CCE3ED8}.Release|Any CPU.ActiveCfg = Release|Any CPU
		{027C17A1-80A2-4663-8969-394B8CCE3ED8}.Release|Any CPU.Build.0 = Release|Any CPU
		{250DEA65-7CE9-4096-B813-1D92B25F3F0B}.Debug|Any CPU.ActiveCfg = Debug|Any CPU
		{250DEA65-7CE9-4096-B813-1D92B25F3F0B}.Debug|Any CPU.Build.0 = Debug|Any CPU
		{250DEA65-7CE9-4096-B813-1D92B25F3F0B}.Release|Any CPU.ActiveCfg = Release|Any CPU
		{250DEA65-7CE9-4096-B813-1D92B25F3F0B}.Release|Any CPU.Build.0 = Release|Any CPU
		{43D6D12B-CA9D-46D9-AE7A-07339A74A6CC}.Debug|Any CPU.ActiveCfg = Debug|Any CPU
		{43D6D12B-CA9D-46D9-AE7A-07339A74A6CC}.Debug|Any CPU.Build.0 = Debug|Any CPU
		{43D6D12B-CA9D-46D9-AE7A-07339A74A6CC}.Release|Any CPU.ActiveCfg = Release|Any CPU
		{43D6D12B-CA9D-46D9-AE7A-07339A74A6CC}.Release|Any CPU.Build.0 = Release|Any CPU
		{E83D4EB3-AF74-4355-A9F8-B0C824961ED0}.Debug|Any CPU.ActiveCfg = Debug|Any CPU
		{E83D4EB3-AF74-4355-A9F8-B0C824961ED0}.Debug|Any CPU.Build.0 = Debug|Any CPU
		{E83D4EB3-AF74-4355-A9F8-B0C824961ED0}.Release|Any CPU.ActiveCfg = Release|Any CPU
		{E83D4EB3-AF74-4355-A9F8-B0C824961ED0}.Release|Any CPU.Build.0 = Release|Any CPU
	EndGlobalSection
	GlobalSection(SolutionProperties) = preSolution
		HideSolutionNode = FALSE
	EndGlobalSection
	GlobalSection(ExtensibilityGlobals) = postSolution
		SolutionGuid = {A6559E9B-E77A-46C5-ABBA-03E35B5DA4CC}
	EndGlobalSection
EndGlobal
